
Microsoft Visual Studio Solution File, Format Version 12.00
# Visual Studio 15
Project("{FAE04EC0-301F-11D3-BF4B-00C04F79EFBC}") = "TwitchStoryGeneratorBot", "TwitchStoryGeneratorBot.csproj", "{83FAF52D-C3B9-A958-D01F-AF8EC0F9F22F}"
EndProject
Global
	GlobalSection(SolutionConfigurationPlatforms) = preSolution
		Debug|Any CPU = Debug|Any CPU
		Release|Any CPU = Release|Any CPU
	EndGlobalSection
	GlobalSection(ProjectConfigurationPlatforms) = postSolution
		{83FAF52D-C3B9-A958-D01F-AF8EC0F9F22F}.Debug|Any CPU.ActiveCfg = Debug|Any CPU
		{83FAF52D-C3B9-A958-D01F-AF8EC0F9F22F}.Debug|Any CPU.Build.0 = Debug|Any CPU
		{83FAF52D-C3B9-A958-D01F-AF8EC0F9F22F}.Release|Any CPU.ActiveCfg = Release|Any CPU
		{83FAF52D-C3B9-A958-D01F-AF8EC0F9F22F}.Release|Any CPU.Build.0 = Release|Any CPU
	EndGlobalSection
	GlobalSection(SolutionProperties) = preSolution
		HideSolutionNode = FALSE
	EndGlobalSection
EndGlobal
